
Microsoft Visual Studio Solution File, Format Version 12.00
# Visual Studio Version 17
VisualStudioVersion = 17.0.32014.148
MinimumVisualStudioVersion = 10.0.40219.1
Project("{FAE04EC0-301F-11D3-BF4B-00C04F79EFBC}") = "Estaleiro", "Estaleiro.csproj", "{089D2F39-8195-4663-9F2A-EBC3F722C803}"
EndProject
Global
	GlobalSection(SolutionConfigurationPlatforms) = preSolution
		Debug|Any CPU = Debug|Any CPU
		Release|Any CPU = Release|Any CPU
	EndGlobalSection
	GlobalSection(ProjectConfigurationPlatforms) = postSolution
		{089D2F39-8195-4663-9F2A-EBC3F722C803}.Debug|Any CPU.ActiveCfg = Debug|Any CPU
		{089D2F39-8195-4663-9F2A-EBC3F722C803}.Debug|Any CPU.Build.0 = Debug|Any CPU
		{089D2F39-8195-4663-9F2A-EBC3F722C803}.Release|Any CPU.ActiveCfg = Release|Any CPU
		{089D2F39-8195-4663-9F2A-EBC3F722C803}.Release|Any CPU.Build.0 = Release|Any CPU
	EndGlobalSection
	GlobalSection(SolutionProperties) = preSolution
		HideSolutionNode = FALSE
	EndGlobalSection
	GlobalSection(ExtensibilityGlobals) = postSolution
		SolutionGuid = {8015A4FB-F469-4CAA-B3FA-869509533DC5}
	EndGlobalSection
EndGlobal
